
Microsoft Visual Studio Solution File, Format Version 12.00
# Visual Studio 14
VisualStudioVersion = 14.0.23107.0
MinimumVisualStudioVersion = 10.0.40219.1
Project("{2150E333-8FDC-42A3-9474-1A3956D46DE8}") = "0-Presentation", "0-Presentation", "{7AD06C39-3DAF-473F-9BBE-37EFA78642B1}"
EndProject
Project("{2150E333-8FDC-42A3-9474-1A3956D46DE8}") = "1-Services", "1-Services", "{E829FD94-5A7D-4A3F-937A-694CB02EB355}"
EndProject
Project("{2150E333-8FDC-42A3-9474-1A3956D46DE8}") = "4-Infrastructure", "4-Infrastructure", "{741F5A88-F476-4832-9A54-07F4B2556113}"
EndProject
Project("{2150E333-8FDC-42A3-9474-1A3956D46DE8}") = "2-Application", "2-Application", "{1F022A12-FBE3-40A2-AEB7-DA0646952BD2}"
EndProject
Project("{2150E333-8FDC-42A3-9474-1A3956D46DE8}") = "3-Domain", "3-Domain", "{61F74023-0DC7-48D8-930E-6274F4EDA0D0}"
EndProject
Project("{2150E333-8FDC-42A3-9474-1A3956D46DE8}") = "4.1-CrossCutting", "4.1-CrossCutting", "{69AC0746-6EDA-4BB9-9E9C-7DFB919DB3DE}"
EndProject
Project("{2150E333-8FDC-42A3-9474-1A3956D46DE8}") = "4.1-Data", "4.1-Data", "{07DC7AD1-C8B2-4605-9BC5-6DE759B2CB41}"
EndProject
Project("{FAE04EC0-301F-11D3-BF4B-00C04F79EFBC}") = "CZ.Domain", "CZ.Domain\CZ.Domain.csproj", "{BB14FC5A-EBBA-4850-A9D6-7FA498534051}"
EndProject
Project("{FAE04EC0-301F-11D3-BF4B-00C04F79EFBC}") = "CZ.Application", "CZ-Application\CZ.Application.csproj", "{8E94C5AD-E80C-4EA4-A7DF-3C11A7E59E09}"
EndProject
Project("{2150E333-8FDC-42A3-9474-1A3956D46DE8}") = "5-TestProjects", "5-TestProjects", "{7DC34C63-527E-4254-8F17-405F491E22BF}"
EndProject
Project("{2150E333-8FDC-42A3-9474-1A3956D46DE8}") = "MVC", "MVC", "{8A94C80E-70BB-47EE-A968-D60C7D0C17CC}"
EndProject
Project("{2150E333-8FDC-42A3-9474-1A3956D46DE8}") = "Apps", "Apps", "{BA459D3D-9CF5-44CD-9CE0-CBEF6C7F59FD}"
EndProject
Project("{2150E333-8FDC-42A3-9474-1A3956D46DE8}") = "RESTApi", "RESTApi", "{D5DB89EB-A9E9-4254-AD8E-95A1FBC9F932}"
EndProject
Project("{2150E333-8FDC-42A3-9474-1A3956D46DE8}") = "6-Utilities", "6-Utilities", "{50A1326A-CCFB-44C4-83F4-1B63D9DF8B33}"
EndProject
Project("{2150E333-8FDC-42A3-9474-1A3956D46DE8}") = "Azure", "Azure", "{DF5F639B-F53E-41C5-92A9-5718492B18D8}"
EndProject
Project("{2150E333-8FDC-42A3-9474-1A3956D46DE8}") = "Logging", "Logging", "{65229C60-49E9-4B07-9CCF-198722943CFC}"
EndProject
Project("{2150E333-8FDC-42A3-9474-1A3956D46DE8}") = "RegularExpressions", "RegularExpressions", "{46FCCE3E-F8B6-496C-BFC6-D6EBF1D8CF23}"
EndProject
Project("{2150E333-8FDC-42A3-9474-1A3956D46DE8}") = "Encryption", "Encryption", "{D72ED440-1694-4C53-9A63-55D836879661}"
EndProject
Project("{2150E333-8FDC-42A3-9474-1A3956D46DE8}") = "Extensions", "Extensions", "{2D9A5E4D-0936-40CE-99E0-D6A6C827CA9B}"
EndProject
Project("{2150E333-8FDC-42A3-9474-1A3956D46DE8}") = "PDFGenerator", "PDFGenerator", "{4C4F7BA5-E2FD-481D-B0C4-1B3C9BBA6B30}"
EndProject
Project("{2150E333-8FDC-42A3-9474-1A3956D46DE8}") = "7-Database", "7-Database", "{CFFE87BC-6F24-4225-9B3F-A9521D690B49}"
EndProject
Project("{2150E333-8FDC-42A3-9474-1A3956D46DE8}") = "MVCHelpers", "MVCHelpers", "{346B2AAA-2B73-499F-952A-CA91E1F1ABAE}"
EndProject
Project("{2150E333-8FDC-42A3-9474-1A3956D46DE8}") = "Storage", "Storage", "{C0AEF66E-6126-4E79-BE78-F6C98111788D}"
EndProject
Project("{2150E333-8FDC-42A3-9474-1A3956D46DE8}") = "8-Documents", "8-Documents", "{19D37644-62BA-458D-8CCC-4A31F745FA41}"
EndProject
Project("{2150E333-8FDC-42A3-9474-1A3956D46DE8}") = "0-Requirements", "0-Requirements", "{1748E744-281A-41F1-A74A-2B6EF83DDA83}"
EndProject
Project("{2150E333-8FDC-42A3-9474-1A3956D46DE8}") = "1-ChangeRequirements", "1-ChangeRequirements", "{BDEC2764-BFDC-4833-BE77-029B76FF8AB5}"
EndProject
Project("{FAE04EC0-301F-11D3-BF4B-00C04F79EFBC}") = "MSSQL", "MSSQL\MSSQL.csproj", "{22035C82-BAAD-433A-87BA-155C05A10096}"
EndProject
Project("{FAE04EC0-301F-11D3-BF4B-00C04F79EFBC}") = "CZ_Infra_Data", "CZ_Infra_Data\CZ_Infra_Data.csproj", "{09D8AFA2-1DDA-4B6A-BC73-4F4C87109DAD}"
EndProject
Global
	GlobalSection(SolutionConfigurationPlatforms) = preSolution
		Debug|Any CPU = Debug|Any CPU
		Release|Any CPU = Release|Any CPU
	EndGlobalSection
	GlobalSection(ProjectConfigurationPlatforms) = postSolution
		{BB14FC5A-EBBA-4850-A9D6-7FA498534051}.Debug|Any CPU.ActiveCfg = Debug|Any CPU
		{BB14FC5A-EBBA-4850-A9D6-7FA498534051}.Debug|Any CPU.Build.0 = Debug|Any CPU
		{BB14FC5A-EBBA-4850-A9D6-7FA498534051}.Release|Any CPU.ActiveCfg = Release|Any CPU
		{BB14FC5A-EBBA-4850-A9D6-7FA498534051}.Release|Any CPU.Build.0 = Release|Any CPU
		{8E94C5AD-E80C-4EA4-A7DF-3C11A7E59E09}.Debug|Any CPU.ActiveCfg = Debug|Any CPU
		{8E94C5AD-E80C-4EA4-A7DF-3C11A7E59E09}.Debug|Any CPU.Build.0 = Debug|Any CPU
		{8E94C5AD-E80C-4EA4-A7DF-3C11A7E59E09}.Release|Any CPU.ActiveCfg = Release|Any CPU
		{8E94C5AD-E80C-4EA4-A7DF-3C11A7E59E09}.Release|Any CPU.Build.0 = Release|Any CPU
		{22035C82-BAAD-433A-87BA-155C05A10096}.Debug|Any CPU.ActiveCfg = Debug|Any CPU
		{22035C82-BAAD-433A-87BA-155C05A10096}.Debug|Any CPU.Build.0 = Debug|Any CPU
		{22035C82-BAAD-433A-87BA-155C05A10096}.Release|Any CPU.ActiveCfg = Release|Any CPU
		{22035C82-BAAD-433A-87BA-155C05A10096}.Release|Any CPU.Build.0 = Release|Any CPU
		{09D8AFA2-1DDA-4B6A-BC73-4F4C87109DAD}.Debug|Any CPU.ActiveCfg = Debug|Any CPU
		{09D8AFA2-1DDA-4B6A-BC73-4F4C87109DAD}.Debug|Any CPU.Build.0 = Debug|Any CPU
		{09D8AFA2-1DDA-4B6A-BC73-4F4C87109DAD}.Release|Any CPU.ActiveCfg = Release|Any CPU
		{09D8AFA2-1DDA-4B6A-BC73-4F4C87109DAD}.Release|Any CPU.Build.0 = Release|Any CPU
	EndGlobalSection
	GlobalSection(SolutionProperties) = preSolution
		HideSolutionNode = FALSE
	EndGlobalSection
	GlobalSection(NestedProjects) = preSolution
		{69AC0746-6EDA-4BB9-9E9C-7DFB919DB3DE} = {741F5A88-F476-4832-9A54-07F4B2556113}
		{07DC7AD1-C8B2-4605-9BC5-6DE759B2CB41} = {741F5A88-F476-4832-9A54-07F4B2556113}
		{BB14FC5A-EBBA-4850-A9D6-7FA498534051} = {61F74023-0DC7-48D8-930E-6274F4EDA0D0}
		{8E94C5AD-E80C-4EA4-A7DF-3C11A7E59E09} = {1F022A12-FBE3-40A2-AEB7-DA0646952BD2}
		{8A94C80E-70BB-47EE-A968-D60C7D0C17CC} = {7AD06C39-3DAF-473F-9BBE-37EFA78642B1}
		{BA459D3D-9CF5-44CD-9CE0-CBEF6C7F59FD} = {7AD06C39-3DAF-473F-9BBE-37EFA78642B1}
		{D5DB89EB-A9E9-4254-AD8E-95A1FBC9F932} = {7AD06C39-3DAF-473F-9BBE-37EFA78642B1}
		{DF5F639B-F53E-41C5-92A9-5718492B18D8} = {50A1326A-CCFB-44C4-83F4-1B63D9DF8B33}
		{65229C60-49E9-4B07-9CCF-198722943CFC} = {50A1326A-CCFB-44C4-83F4-1B63D9DF8B33}
		{46FCCE3E-F8B6-496C-BFC6-D6EBF1D8CF23} = {50A1326A-CCFB-44C4-83F4-1B63D9DF8B33}
		{D72ED440-1694-4C53-9A63-55D836879661} = {50A1326A-CCFB-44C4-83F4-1B63D9DF8B33}
		{2D9A5E4D-0936-40CE-99E0-D6A6C827CA9B} = {50A1326A-CCFB-44C4-83F4-1B63D9DF8B33}
		{4C4F7BA5-E2FD-481D-B0C4-1B3C9BBA6B30} = {50A1326A-CCFB-44C4-83F4-1B63D9DF8B33}
		{346B2AAA-2B73-499F-952A-CA91E1F1ABAE} = {50A1326A-CCFB-44C4-83F4-1B63D9DF8B33}
		{C0AEF66E-6126-4E79-BE78-F6C98111788D} = {DF5F639B-F53E-41C5-92A9-5718492B18D8}
		{1748E744-281A-41F1-A74A-2B6EF83DDA83} = {19D37644-62BA-458D-8CCC-4A31F745FA41}
		{BDEC2764-BFDC-4833-BE77-029B76FF8AB5} = {19D37644-62BA-458D-8CCC-4A31F745FA41}
		{22035C82-BAAD-433A-87BA-155C05A10096} = {07DC7AD1-C8B2-4605-9BC5-6DE759B2CB41}
		{09D8AFA2-1DDA-4B6A-BC73-4F4C87109DAD} = {07DC7AD1-C8B2-4605-9BC5-6DE759B2CB41}
	EndGlobalSection
EndGlobal
