
Microsoft Visual Studio Solution File, Format Version 12.00
# Visual Studio 14
VisualStudioVersion = 14.0.23107.0
MinimumVisualStudioVersion = 10.0.40219.1
Project("{2150E333-8FDC-42A3-9474-1A3956D46DE8}") = "5-Presentation", "5-Presentation", "{7AD06C39-3DAF-473F-9BBE-37EFA78642B1}"
EndProject
Project("{2150E333-8FDC-42A3-9474-1A3956D46DE8}") = "3-Infrastructure", "3-Infrastructure", "{741F5A88-F476-4832-9A54-07F4B2556113}"
EndProject
Project("{2150E333-8FDC-42A3-9474-1A3956D46DE8}") = "4-Application", "4-Application", "{1F022A12-FBE3-40A2-AEB7-DA0646952BD2}"
EndProject
Project("{2150E333-8FDC-42A3-9474-1A3956D46DE8}") = "4.1-CrossCutting", "4.1-CrossCutting", "{69AC0746-6EDA-4BB9-9E9C-7DFB919DB3DE}"
EndProject
Project("{2150E333-8FDC-42A3-9474-1A3956D46DE8}") = "4.1-Data", "4.1-Data", "{07DC7AD1-C8B2-4605-9BC5-6DE759B2CB41}"
EndProject
Project("{FAE04EC0-301F-11D3-BF4B-00C04F79EFBC}") = "CZ.ApplicationService", "CZ-Application\CZ.ApplicationService.csproj", "{8E94C5AD-E80C-4EA4-A7DF-3C11A7E59E09}"
EndProject
Project("{2150E333-8FDC-42A3-9474-1A3956D46DE8}") = "6-TestProjects", "6-TestProjects", "{7DC34C63-527E-4254-8F17-405F491E22BF}"
EndProject
Project("{2150E333-8FDC-42A3-9474-1A3956D46DE8}") = "MVC", "MVC", "{8A94C80E-70BB-47EE-A968-D60C7D0C17CC}"
EndProject
Project("{2150E333-8FDC-42A3-9474-1A3956D46DE8}") = "Apps", "Apps", "{BA459D3D-9CF5-44CD-9CE0-CBEF6C7F59FD}"
EndProject
Project("{2150E333-8FDC-42A3-9474-1A3956D46DE8}") = "RESTApi", "RESTApi", "{D5DB89EB-A9E9-4254-AD8E-95A1FBC9F932}"
EndProject
Project("{2150E333-8FDC-42A3-9474-1A3956D46DE8}") = "1-Utilities", "1-Utilities", "{50A1326A-CCFB-44C4-83F4-1B63D9DF8B33}"
EndProject
Project("{2150E333-8FDC-42A3-9474-1A3956D46DE8}") = "Azure", "Azure", "{DF5F639B-F53E-41C5-92A9-5718492B18D8}"
EndProject
Project("{2150E333-8FDC-42A3-9474-1A3956D46DE8}") = "Logging", "Logging", "{65229C60-49E9-4B07-9CCF-198722943CFC}"
EndProject
Project("{2150E333-8FDC-42A3-9474-1A3956D46DE8}") = "Encryption", "Encryption", "{D72ED440-1694-4C53-9A63-55D836879661}"
EndProject
Project("{2150E333-8FDC-42A3-9474-1A3956D46DE8}") = "Extensions", "Extensions", "{2D9A5E4D-0936-40CE-99E0-D6A6C827CA9B}"
EndProject
Project("{2150E333-8FDC-42A3-9474-1A3956D46DE8}") = "PDFGenerator", "PDFGenerator", "{4C4F7BA5-E2FD-481D-B0C4-1B3C9BBA6B30}"
EndProject
Project("{2150E333-8FDC-42A3-9474-1A3956D46DE8}") = "Storage", "Storage", "{C0AEF66E-6126-4E79-BE78-F6C98111788D}"
EndProject
Project("{2150E333-8FDC-42A3-9474-1A3956D46DE8}") = "7-Documents", "7-Documents", "{19D37644-62BA-458D-8CCC-4A31F745FA41}"
EndProject
Project("{2150E333-8FDC-42A3-9474-1A3956D46DE8}") = "0-Requirements", "0-Requirements", "{1748E744-281A-41F1-A74A-2B6EF83DDA83}"
EndProject
Project("{2150E333-8FDC-42A3-9474-1A3956D46DE8}") = "1-ChangeRequirements", "1-ChangeRequirements", "{BDEC2764-BFDC-4833-BE77-029B76FF8AB5}"
EndProject
Project("{FAE04EC0-301F-11D3-BF4B-00C04F79EFBC}") = "CZ_Infra_Data", "CZ_Infra_Data\CZ_Infra_Data.csproj", "{09D8AFA2-1DDA-4B6A-BC73-4F4C87109DAD}"
EndProject
Project("{FAE04EC0-301F-11D3-BF4B-00C04F79EFBC}") = "CZ.MVC", "CZ.MVC\CZ.MVC.csproj", "{65AE70AB-556A-47E5-B12E-ED6A9A24658D}"
EndProject
Project("{2150E333-8FDC-42A3-9474-1A3956D46DE8}") = "0-SolutionConfig", "0-SolutionConfig", "{BF12D400-079D-44E1-A120-480281305F52}"
	ProjectSection(SolutionItems) = preProject
		appSettings.config = appSettings.config
		ConnectionString.config = ConnectionString.config
	EndProjectSection
EndProject
Project("{2150E333-8FDC-42A3-9474-1A3956D46DE8}") = "2-Domain", "2-Domain", "{799E172E-E137-47EB-BE2A-767371A47558}"
EndProject
Project("{FAE04EC0-301F-11D3-BF4B-00C04F79EFBC}") = "CZ.Domain", "CZ.Domain\CZ.Domain.csproj", "{BB14FC5A-EBBA-4850-A9D6-7FA498534051}"
EndProject
Project("{2150E333-8FDC-42A3-9474-1A3956D46DE8}") = "Web.Core", "Web.Core", "{59FEAE93-7DD5-4738-A3E3-9E431792BBF6}"
EndProject
Project("{FAE04EC0-301F-11D3-BF4B-00C04F79EFBC}") = "Web.Core", "Web.Core\Web.Core.csproj", "{82C07EC4-3FE7-4272-939F-5D184D758407}"
EndProject
Project("{FAE04EC0-301F-11D3-BF4B-00C04F79EFBC}") = "Common", "Common\Common.csproj", "{17CDE3BE-9CFC-4117-AD06-40DA4D6181E7}"
EndProject
Project("{FAE04EC0-301F-11D3-BF4B-00C04F79EFBC}") = "0.CZ.DomainTests", "CZ.DomainTests\0.CZ.DomainTests.csproj", "{C7E4570C-5A72-44F0-959B-B984516AE11B}"
EndProject
Project("{FAE04EC0-301F-11D3-BF4B-00C04F79EFBC}") = "1.CZ.ApplicationTests", "CZ.ApplicationTests\1.CZ.ApplicationTests.csproj", "{22B62985-F3BF-420D-8F62-4D4202BA2CCD}"
EndProject
Project("{FAE04EC0-301F-11D3-BF4B-00C04F79EFBC}") = "2.CZ.MVCTests", "CZ.MVCTests\2.CZ.MVCTests.csproj", "{A63A847B-88CB-40DF-8DAD-FC08CB7426F6}"
EndProject
Project("{2150E333-8FDC-42A3-9474-1A3956D46DE8}") = "QueueBus", "QueueBus", "{67164ED5-0407-4AE7-A81C-40AE6F287CCF}"
EndProject
Project("{2150E333-8FDC-42A3-9474-1A3956D46DE8}") = "RabbitMQ", "RabbitMQ", "{3BCB3B57-E317-4EE0-BD4C-A978F0D68BEC}"
EndProject
Project("{FAE04EC0-301F-11D3-BF4B-00C04F79EFBC}") = "RabbitMQHelper", "RabbitMQHelper\RabbitMQHelper.csproj", "{2B0884A4-D715-47DE-8693-76E4C69E0151}"
EndProject
Project("{2150E333-8FDC-42A3-9474-1A3956D46DE8}") = "DomainServices", "DomainServices", "{DC46BEAE-80EA-45F1-8908-46C5E04ECE92}"
EndProject
Project("{FAE04EC0-301F-11D3-BF4B-00C04F79EFBC}") = "DomainServices", "DomainServices\DomainServices.csproj", "{24BED77A-A1C1-45E3-9661-F129B8E428E9}"
EndProject
Project("{2150E333-8FDC-42A3-9474-1A3956D46DE8}") = "Entities", "Entities", "{2FE884A1-7296-4B69-B21C-1BB487E693EF}"
EndProject
Global
	GlobalSection(SolutionConfigurationPlatforms) = preSolution
		Debug|Any CPU = Debug|Any CPU
		Release|Any CPU = Release|Any CPU
	EndGlobalSection
	GlobalSection(ProjectConfigurationPlatforms) = postSolution
		{8E94C5AD-E80C-4EA4-A7DF-3C11A7E59E09}.Debug|Any CPU.ActiveCfg = Debug|Any CPU
		{8E94C5AD-E80C-4EA4-A7DF-3C11A7E59E09}.Debug|Any CPU.Build.0 = Debug|Any CPU
		{8E94C5AD-E80C-4EA4-A7DF-3C11A7E59E09}.Release|Any CPU.ActiveCfg = Release|Any CPU
		{8E94C5AD-E80C-4EA4-A7DF-3C11A7E59E09}.Release|Any CPU.Build.0 = Release|Any CPU
		{09D8AFA2-1DDA-4B6A-BC73-4F4C87109DAD}.Debug|Any CPU.ActiveCfg = Debug|Any CPU
		{09D8AFA2-1DDA-4B6A-BC73-4F4C87109DAD}.Debug|Any CPU.Build.0 = Debug|Any CPU
		{09D8AFA2-1DDA-4B6A-BC73-4F4C87109DAD}.Release|Any CPU.ActiveCfg = Release|Any CPU
		{09D8AFA2-1DDA-4B6A-BC73-4F4C87109DAD}.Release|Any CPU.Build.0 = Release|Any CPU
		{65AE70AB-556A-47E5-B12E-ED6A9A24658D}.Debug|Any CPU.ActiveCfg = Debug|Any CPU
		{65AE70AB-556A-47E5-B12E-ED6A9A24658D}.Debug|Any CPU.Build.0 = Debug|Any CPU
		{65AE70AB-556A-47E5-B12E-ED6A9A24658D}.Release|Any CPU.ActiveCfg = Release|Any CPU
		{65AE70AB-556A-47E5-B12E-ED6A9A24658D}.Release|Any CPU.Build.0 = Release|Any CPU
		{BB14FC5A-EBBA-4850-A9D6-7FA498534051}.Debug|Any CPU.ActiveCfg = Debug|Any CPU
		{BB14FC5A-EBBA-4850-A9D6-7FA498534051}.Debug|Any CPU.Build.0 = Debug|Any CPU
		{BB14FC5A-EBBA-4850-A9D6-7FA498534051}.Release|Any CPU.ActiveCfg = Release|Any CPU
		{BB14FC5A-EBBA-4850-A9D6-7FA498534051}.Release|Any CPU.Build.0 = Release|Any CPU
		{82C07EC4-3FE7-4272-939F-5D184D758407}.Debug|Any CPU.ActiveCfg = Debug|Any CPU
		{82C07EC4-3FE7-4272-939F-5D184D758407}.Debug|Any CPU.Build.0 = Debug|Any CPU
		{82C07EC4-3FE7-4272-939F-5D184D758407}.Release|Any CPU.ActiveCfg = Release|Any CPU
		{82C07EC4-3FE7-4272-939F-5D184D758407}.Release|Any CPU.Build.0 = Release|Any CPU
		{17CDE3BE-9CFC-4117-AD06-40DA4D6181E7}.Debug|Any CPU.ActiveCfg = Debug|Any CPU
		{17CDE3BE-9CFC-4117-AD06-40DA4D6181E7}.Debug|Any CPU.Build.0 = Debug|Any CPU
		{17CDE3BE-9CFC-4117-AD06-40DA4D6181E7}.Release|Any CPU.ActiveCfg = Release|Any CPU
		{17CDE3BE-9CFC-4117-AD06-40DA4D6181E7}.Release|Any CPU.Build.0 = Release|Any CPU
		{C7E4570C-5A72-44F0-959B-B984516AE11B}.Debug|Any CPU.ActiveCfg = Debug|Any CPU
		{C7E4570C-5A72-44F0-959B-B984516AE11B}.Debug|Any CPU.Build.0 = Debug|Any CPU
		{C7E4570C-5A72-44F0-959B-B984516AE11B}.Release|Any CPU.ActiveCfg = Release|Any CPU
		{C7E4570C-5A72-44F0-959B-B984516AE11B}.Release|Any CPU.Build.0 = Release|Any CPU
		{22B62985-F3BF-420D-8F62-4D4202BA2CCD}.Debug|Any CPU.ActiveCfg = Debug|Any CPU
		{22B62985-F3BF-420D-8F62-4D4202BA2CCD}.Debug|Any CPU.Build.0 = Debug|Any CPU
		{22B62985-F3BF-420D-8F62-4D4202BA2CCD}.Release|Any CPU.ActiveCfg = Release|Any CPU
		{22B62985-F3BF-420D-8F62-4D4202BA2CCD}.Release|Any CPU.Build.0 = Release|Any CPU
		{A63A847B-88CB-40DF-8DAD-FC08CB7426F6}.Debug|Any CPU.ActiveCfg = Debug|Any CPU
		{A63A847B-88CB-40DF-8DAD-FC08CB7426F6}.Debug|Any CPU.Build.0 = Debug|Any CPU
		{A63A847B-88CB-40DF-8DAD-FC08CB7426F6}.Release|Any CPU.ActiveCfg = Release|Any CPU
		{A63A847B-88CB-40DF-8DAD-FC08CB7426F6}.Release|Any CPU.Build.0 = Release|Any CPU
		{2B0884A4-D715-47DE-8693-76E4C69E0151}.Debug|Any CPU.ActiveCfg = Debug|Any CPU
		{2B0884A4-D715-47DE-8693-76E4C69E0151}.Debug|Any CPU.Build.0 = Debug|Any CPU
		{2B0884A4-D715-47DE-8693-76E4C69E0151}.Release|Any CPU.ActiveCfg = Release|Any CPU
		{2B0884A4-D715-47DE-8693-76E4C69E0151}.Release|Any CPU.Build.0 = Release|Any CPU
		{24BED77A-A1C1-45E3-9661-F129B8E428E9}.Debug|Any CPU.ActiveCfg = Debug|Any CPU
		{24BED77A-A1C1-45E3-9661-F129B8E428E9}.Debug|Any CPU.Build.0 = Debug|Any CPU
		{24BED77A-A1C1-45E3-9661-F129B8E428E9}.Release|Any CPU.ActiveCfg = Release|Any CPU
		{24BED77A-A1C1-45E3-9661-F129B8E428E9}.Release|Any CPU.Build.0 = Release|Any CPU
	EndGlobalSection
	GlobalSection(SolutionProperties) = preSolution
		HideSolutionNode = FALSE
	EndGlobalSection
	GlobalSection(NestedProjects) = preSolution
		{69AC0746-6EDA-4BB9-9E9C-7DFB919DB3DE} = {741F5A88-F476-4832-9A54-07F4B2556113}
		{07DC7AD1-C8B2-4605-9BC5-6DE759B2CB41} = {741F5A88-F476-4832-9A54-07F4B2556113}
		{8E94C5AD-E80C-4EA4-A7DF-3C11A7E59E09} = {1F022A12-FBE3-40A2-AEB7-DA0646952BD2}
		{8A94C80E-70BB-47EE-A968-D60C7D0C17CC} = {7AD06C39-3DAF-473F-9BBE-37EFA78642B1}
		{BA459D3D-9CF5-44CD-9CE0-CBEF6C7F59FD} = {7AD06C39-3DAF-473F-9BBE-37EFA78642B1}
		{D5DB89EB-A9E9-4254-AD8E-95A1FBC9F932} = {7AD06C39-3DAF-473F-9BBE-37EFA78642B1}
		{DF5F639B-F53E-41C5-92A9-5718492B18D8} = {50A1326A-CCFB-44C4-83F4-1B63D9DF8B33}
		{65229C60-49E9-4B07-9CCF-198722943CFC} = {50A1326A-CCFB-44C4-83F4-1B63D9DF8B33}
		{D72ED440-1694-4C53-9A63-55D836879661} = {50A1326A-CCFB-44C4-83F4-1B63D9DF8B33}
		{2D9A5E4D-0936-40CE-99E0-D6A6C827CA9B} = {50A1326A-CCFB-44C4-83F4-1B63D9DF8B33}
		{4C4F7BA5-E2FD-481D-B0C4-1B3C9BBA6B30} = {50A1326A-CCFB-44C4-83F4-1B63D9DF8B33}
		{C0AEF66E-6126-4E79-BE78-F6C98111788D} = {DF5F639B-F53E-41C5-92A9-5718492B18D8}
		{1748E744-281A-41F1-A74A-2B6EF83DDA83} = {19D37644-62BA-458D-8CCC-4A31F745FA41}
		{BDEC2764-BFDC-4833-BE77-029B76FF8AB5} = {19D37644-62BA-458D-8CCC-4A31F745FA41}
		{09D8AFA2-1DDA-4B6A-BC73-4F4C87109DAD} = {07DC7AD1-C8B2-4605-9BC5-6DE759B2CB41}
		{65AE70AB-556A-47E5-B12E-ED6A9A24658D} = {8A94C80E-70BB-47EE-A968-D60C7D0C17CC}
		{BB14FC5A-EBBA-4850-A9D6-7FA498534051} = {2FE884A1-7296-4B69-B21C-1BB487E693EF}
		{59FEAE93-7DD5-4738-A3E3-9E431792BBF6} = {50A1326A-CCFB-44C4-83F4-1B63D9DF8B33}
		{82C07EC4-3FE7-4272-939F-5D184D758407} = {59FEAE93-7DD5-4738-A3E3-9E431792BBF6}
		{17CDE3BE-9CFC-4117-AD06-40DA4D6181E7} = {50A1326A-CCFB-44C4-83F4-1B63D9DF8B33}
		{C7E4570C-5A72-44F0-959B-B984516AE11B} = {7DC34C63-527E-4254-8F17-405F491E22BF}
		{22B62985-F3BF-420D-8F62-4D4202BA2CCD} = {7DC34C63-527E-4254-8F17-405F491E22BF}
		{A63A847B-88CB-40DF-8DAD-FC08CB7426F6} = {7DC34C63-527E-4254-8F17-405F491E22BF}
		{67164ED5-0407-4AE7-A81C-40AE6F287CCF} = {50A1326A-CCFB-44C4-83F4-1B63D9DF8B33}
		{3BCB3B57-E317-4EE0-BD4C-A978F0D68BEC} = {67164ED5-0407-4AE7-A81C-40AE6F287CCF}
		{2B0884A4-D715-47DE-8693-76E4C69E0151} = {3BCB3B57-E317-4EE0-BD4C-A978F0D68BEC}
		{DC46BEAE-80EA-45F1-8908-46C5E04ECE92} = {799E172E-E137-47EB-BE2A-767371A47558}
		{24BED77A-A1C1-45E3-9661-F129B8E428E9} = {DC46BEAE-80EA-45F1-8908-46C5E04ECE92}
		{2FE884A1-7296-4B69-B21C-1BB487E693EF} = {799E172E-E137-47EB-BE2A-767371A47558}
	EndGlobalSection
EndGlobal
